{
  "name": "cost-budget-console-web",
  "lockfileVersion": 3,
  "requires": true,
  "packages": {
    "": {
      "name": "cost-budget-console-web",
      "dependencies": {
        "@azure/msal-browser": "4.28.1"
      }
    },
    "node_modules/@azure/msal-browser": {
      "version": "4.28.1",
      "resolved": "https://ms-feed-25.pkgs.visualstudio.com/1es-public/_packaging/npm-public/npm/registry/@azure/msal-browser/-/msal-browser-4.28.1.tgz",
      "integrity": "sha1-UR/hvErVbt6V26ICO1ILNwe4z5U=",
      "license": "MIT",
      "dependencies": {
        "@azure/msal-common": "15.14.1"
      },
      "engines": {
        "node": ">=0.8.0"
      }
    },
    "node_modules/@azure/msal-common": {
      "version": "15.14.1",
      "resolved": "https://ms-feed-25.pkgs.visualstudio.com/1es-public/_packaging/npm-public/npm/registry/@azure/msal-common/-/msal-common-15.14.1.tgz",
      "integrity": "sha1-Xi3dRM0IcontNzFliIxPsgRIiBc=",
      "license": "MIT",
      "engines": {
        "node": ">=0.8.0"
      }
    }
  }
}
